{
  "nodes": {
    "crane": {
      "locked": {
        "lastModified": 1727235847,
        "narHash": "sha256-MoEot8izwkfGm1h5ak8hS2bu59mLmKeevlP/OvFLCzM=",
        "owner": "ipetkov",
        "repo": "crane",
        "rev": "08f45b5a2e01cf34ca6081188c6d16aa35581b09",
        "type": "github"
      },
      "original": {
        "owner": "ipetkov",
        "repo": "crane",
        "type": "github"
      }
    },
    "flake-parts": {
      "inputs": {
        "nixpkgs-lib": "nixpkgs-lib"
      },
      "locked": {
        "lastModified": 1726153070,
        "narHash": "sha256-HO4zgY0ekfwO5bX0QH/3kJ/h4KvUDFZg8YpkNwIbg1U=",
        "owner": "hercules-ci",
        "repo": "flake-parts",
        "rev": "bcef6817a8b2aa20a5a6dbb19b43e63c5bf8619a",
        "type": "github"
      },
      "original": {
        "owner": "hercules-ci",
        "repo": "flake-parts",
        "type": "github"
      }
    },
    "hc-launch": {
      "flake": false,
      "locked": {
        "lastModified": 1726473709,
        "narHash": "sha256-WjuSEtK9odQsrAIbS7TxQEYPyjYgJheMZmVj7Aentyg=",
        "owner": "holochain",
        "repo": "hc-launch",
        "rev": "c6fb9cf6d4b8e548c960527a8fc88d2ead051394",
        "type": "github"
      },
      "original": {
        "owner": "holochain",
        "ref": "holochain-weekly",
        "repo": "hc-launch",
        "type": "github"
      }
    },
    "hc-scaffold": {
      "flake": false,
      "locked": {
        "lastModified": 1725629251,
        "narHash": "sha256-23TjhOgXdLOX05yGDK8ZVTZxovbFiGz2Mu+H45YLpAA=",
        "owner": "holochain",
        "repo": "scaffolding",
        "rev": "d415a38e686faf38c91689e176b62a93bd51b188",
        "type": "github"
      },
      "original": {
        "owner": "holochain",
        "ref": "holochain-weekly",
        "repo": "scaffolding",
        "type": "github"
      }
    },
    "holochain": {
      "flake": false,
      "locked": {
        "lastModified": 1727226305,
        "narHash": "sha256-a4zt59D7LRnhkryusxyDGCmBxB2GOmEJDCOTLab1gY0=",
        "owner": "holochain",
        "repo": "holochain",
        "rev": "b42fb1ba3c439a7fe561cc627c5d53280fd2a83b",
        "type": "github"
      },
      "original": {
        "owner": "holochain",
        "ref": "holochain-0.4.0-dev.26",
        "repo": "holochain",
        "type": "github"
      }
    },
    "holonix": {
      "inputs": {
        "crane": "crane",
        "flake-parts": "flake-parts",
        "hc-launch": "hc-launch",
        "hc-scaffold": "hc-scaffold",
        "holochain": "holochain",
        "lair-keystore": "lair-keystore",
        "nixpkgs": "nixpkgs",
        "rust-overlay": "rust-overlay"
      },
      "locked": {
        "lastModified": 1727258034,
        "narHash": "sha256-hjO4HXA/42iorkeM0T+T+qDrFG2Edu0+tROQ5ji/npY=",
        "owner": "holochain",
        "repo": "holonix",
        "rev": "2647d78d7083b5560a9f77df618345a64d4ddb6e",
        "type": "github"
      },
      "original": {
        "owner": "holochain",
        "repo": "holonix",
        "type": "github"
      }
    },
    "lair-keystore": {
      "flake": false,
      "locked": {
        "lastModified": 1726865440,
        "narHash": "sha256-+ARQs+Sfmh8QXMyjjHjm6Ib8Ag86Jm2vnyB6l3zTCgA=",
        "owner": "holochain",
        "repo": "lair",
        "rev": "9f306efed597765b70da704e1739ecc67f2510e0",
        "type": "github"
      },
      "original": {
        "owner": "holochain",
        "ref": "lair_keystore-v0.5.2",
        "repo": "lair",
        "type": "github"
      }
    },
    "nixpkgs": {
      "locked": {
        "lastModified": 1717179513,
        "narHash": "sha256-vboIEwIQojofItm2xGCdZCzW96U85l9nDW3ifMuAIdM=",
        "owner": "nixos",
        "repo": "nixpkgs",
        "rev": "63dacb46bf939521bdc93981b4cbb7ecb58427a0",
        "type": "github"
      },
      "original": {
        "owner": "nixos",
        "ref": "24.05",
        "repo": "nixpkgs",
        "type": "github"
      }
    },
    "nixpkgs-lib": {
      "locked": {
        "lastModified": 1725233747,
        "narHash": "sha256-Ss8QWLXdr2JCBPcYChJhz4xJm+h/xjl4G0c0XlP6a74=",
        "type": "tarball",
        "url": "https://github.com/NixOS/nixpkgs/archive/356624c12086a18f2ea2825fed34523d60ccc4e3.tar.gz"
      },
      "original": {
        "type": "tarball",
        "url": "https://github.com/NixOS/nixpkgs/archive/356624c12086a18f2ea2825fed34523d60ccc4e3.tar.gz"
      }
    },
    "pnpmnixpkgs": {
      "locked": {
        "lastModified": 1727264057,
        "narHash": "sha256-KQPI8CTTnB9CrJ7LrmLC4VWbKZfljEPBXOFGZFRpxao=",
        "owner": "nixos",
        "repo": "nixpkgs",
        "rev": "759537f06e6999e141588ff1c9be7f3a5c060106",
        "type": "github"
      },
      "original": {
        "owner": "nixos",
        "ref": "nixos-24.05",
        "repo": "nixpkgs",
        "type": "github"
      }
    },
    "root": {
      "inputs": {
        "crane": [
          "holonix",
          "crane"
        ],
        "holonix": "holonix",
        "nixpkgs": [
          "holonix",
          "nixpkgs"
        ],
        "pnpmnixpkgs": "pnpmnixpkgs",
        "rust-overlay": [
          "holonix",
          "rust-overlay"
        ]
      }
    },
    "rust-overlay": {
      "inputs": {
        "nixpkgs": [
          "holonix",
          "nixpkgs"
        ]
      },
      "locked": {
        "lastModified": 1727231386,
        "narHash": "sha256-XLloPtQHKk/Tdt8t8zIb+JhmunlH3YB9Jz8RTlQ3N/4=",
        "owner": "oxalica",
        "repo": "rust-overlay",
        "rev": "b5f76c3b09a8194889f5328a480fbea1a9115518",
        "type": "github"
      },
      "original": {
        "owner": "oxalica",
        "repo": "rust-overlay",
        "type": "github"
      }
    }
  },
  "root": "root",
  "version": 7
}
