{
  "name": "fixture",
  "version": "1.0.0",
  "lockfileVersion": 3,
  "requires": true,
  "packages": {
    "": {
      "name": "fixture",
      "version": "1.0.0",
      "license": "ISC",
      "workspaces": [
        "./ui/"
      ]
    },
    "../../../../../../../../../nix/store/1k1ihyngy2av5j7iqvz0k5iidaxn77z7-service/lib": {
      "name": "service",
      "version": "1.0.0",
      "extraneous": true,
      "license": "ISC",
      "dependencies": {
        "module": "file:/nix/store/rg5sgsradnp5smq8bscb76v2nl8hv9m9-module/lib"
      }
    },
    "../../../../../../../../../nix/store/7bv0giyqfix1lrzsick197qb97kdhpgn-my-service/lib": {
      "version": "1.0.0",
      "license": "ISC",
      "dependencies": {
        "my-module": "file:/nix/store/ibnp93snzmmvyq5ar836v2h7q6mw7db3-my-module/lib"
      }
    },
    "node_modules/my-app": {
      "resolved": "ui",
      "link": true
    },
    "node_modules/my-service": {
      "resolved": "../../../../../../../../../nix/store/7bv0giyqfix1lrzsick197qb97kdhpgn-my-service/lib",
      "link": true
    },
    "ui": {
      "name": "my-app",
      "version": "1.0.0",
      "license": "ISC",
      "dependencies": {
        "my-service": "file:/nix/store/7bv0giyqfix1lrzsick197qb97kdhpgn-my-service/lib"
      }
    }
  }
}
