{
  "name": "fixture",
  "version": "1.0.0",
  "lockfileVersion": 3,
  "requires": true,
  "packages": {
    "": {
      "name": "fixture",
      "version": "1.0.0",
      "license": "ISC",
      "workspaces": [
        "./zome/"
      ],
      "dependencies": {
        "zome": "^1.0.0"
      }
    },
    "../../../../../../../../nix/store/hqsw2yppsm6gr4jdrqmxlrdm48j1397c--holochain-open-dev-profiles-0.0.0/lib": {},
    "node_modules/@holochain-open-dev/profiles": {
      "resolved": "../../../../../../../../nix/store/hqsw2yppsm6gr4jdrqmxlrdm48j1397c--holochain-open-dev-profiles-0.0.0/lib",
      "link": true
    },
    "node_modules/zome": {
      "resolved": "zome",
      "link": true
    },
    "zome": {
      "version": "1.0.0",
      "license": "ISC",
      "dependencies": {
        "@holochain-open-dev/profiles": "file:/nix/store/hqsw2yppsm6gr4jdrqmxlrdm48j1397c--holochain-open-dev-profiles-0.0.0/lib"
      }
    }
  }
}
