{
  "nodes": {
    "crane": {
      "locked": {
        "lastModified": 1727235847,
        "narHash": "sha256-MoEot8izwkfGm1h5ak8hS2bu59mLmKeevlP/OvFLCzM=",
        "owner": "ipetkov",
        "repo": "crane",
        "rev": "08f45b5a2e01cf34ca6081188c6d16aa35581b09",
        "type": "github"
      },
      "original": {
        "owner": "ipetkov",
        "repo": "crane",
        "type": "github"
      }
    },
    "crane_2": {
      "locked": {
        "lastModified": 1727235847,
        "narHash": "sha256-MoEot8izwkfGm1h5ak8hS2bu59mLmKeevlP/OvFLCzM=",
        "owner": "ipetkov",
        "repo": "crane",
        "rev": "08f45b5a2e01cf34ca6081188c6d16aa35581b09",
        "type": "github"
      },
      "original": {
        "owner": "ipetkov",
        "repo": "crane",
        "type": "github"
      }
    },
    "crane_3": {
      "locked": {
        "lastModified": 1725125250,
        "narHash": "sha256-CB20rDD5eHikF6mMTTJdwPP1qvyoiyyw1RDUzwIaIF8=",
        "owner": "ipetkov",
        "repo": "crane",
        "rev": "96fd12c7100e9e05fa1a0a5bd108525600ce282f",
        "type": "github"
      },
      "original": {
        "owner": "ipetkov",
        "repo": "crane",
        "type": "github"
      }
    },
    "crane_4": {
      "locked": {
        "lastModified": 1725125250,
        "narHash": "sha256-CB20rDD5eHikF6mMTTJdwPP1qvyoiyyw1RDUzwIaIF8=",
        "owner": "ipetkov",
        "repo": "crane",
        "rev": "96fd12c7100e9e05fa1a0a5bd108525600ce282f",
        "type": "github"
      },
      "original": {
        "owner": "ipetkov",
        "repo": "crane",
        "type": "github"
      }
    },
    "flake-parts": {
      "inputs": {
        "nixpkgs-lib": "nixpkgs-lib"
      },
      "locked": {
        "lastModified": 1726153070,
        "narHash": "sha256-HO4zgY0ekfwO5bX0QH/3kJ/h4KvUDFZg8YpkNwIbg1U=",
        "owner": "hercules-ci",
        "repo": "flake-parts",
        "rev": "bcef6817a8b2aa20a5a6dbb19b43e63c5bf8619a",
        "type": "github"
      },
      "original": {
        "owner": "hercules-ci",
        "repo": "flake-parts",
        "type": "github"
      }
    },
    "flake-parts_2": {
      "inputs": {
        "nixpkgs-lib": "nixpkgs-lib_2"
      },
      "locked": {
        "lastModified": 1726153070,
        "narHash": "sha256-HO4zgY0ekfwO5bX0QH/3kJ/h4KvUDFZg8YpkNwIbg1U=",
        "owner": "hercules-ci",
        "repo": "flake-parts",
        "rev": "bcef6817a8b2aa20a5a6dbb19b43e63c5bf8619a",
        "type": "github"
      },
      "original": {
        "owner": "hercules-ci",
        "repo": "flake-parts",
        "type": "github"
      }
    },
    "flake-parts_3": {
      "inputs": {
        "nixpkgs-lib": "nixpkgs-lib_3"
      },
      "locked": {
        "lastModified": 1725234343,
        "narHash": "sha256-+ebgonl3NbiKD2UD0x4BszCZQ6sTfL4xioaM49o5B3Y=",
        "owner": "hercules-ci",
        "repo": "flake-parts",
        "rev": "567b938d64d4b4112ee253b9274472dc3a346eb6",
        "type": "github"
      },
      "original": {
        "owner": "hercules-ci",
        "repo": "flake-parts",
        "type": "github"
      }
    },
    "flake-parts_4": {
      "inputs": {
        "nixpkgs-lib": "nixpkgs-lib_4"
      },
      "locked": {
        "lastModified": 1725234343,
        "narHash": "sha256-+ebgonl3NbiKD2UD0x4BszCZQ6sTfL4xioaM49o5B3Y=",
        "owner": "hercules-ci",
        "repo": "flake-parts",
        "rev": "567b938d64d4b4112ee253b9274472dc3a346eb6",
        "type": "github"
      },
      "original": {
        "owner": "hercules-ci",
        "repo": "flake-parts",
        "type": "github"
      }
    },
    "hc-infra": {
      "inputs": {
        "crane": [
          "hc-infra",
          "holonix",
          "crane"
        ],
        "holonix": "holonix",
        "nixpkgs": [
          "hc-infra",
          "holonix",
          "nixpkgs"
        ],
        "pnpmnixpkgs": "pnpmnixpkgs",
        "rust-overlay": [
          "hc-infra",
          "holonix",
          "rust-overlay"
        ]
      },
      "locked": {
        "lastModified": 0,
        "narHash": "sha256-5p2SW55y1R7NCmwGSnn+dM9OgVrbbG+30T8/NP5Oy6E=",
        "path": "./../../..",
        "type": "path"
      },
      "original": {
        "path": "./../../..",
        "type": "path"
      }
    },
    "hc-infra_2": {
      "inputs": {
        "crane": [
          "profiles",
          "hc-infra",
          "holonix",
          "crane"
        ],
        "holonix": "holonix_3",
        "nixpkgs": [
          "profiles",
          "hc-infra",
          "holonix",
          "nixpkgs"
        ],
        "pnpmnixpkgs": "pnpmnixpkgs_2",
        "rust-overlay": [
          "profiles",
          "hc-infra",
          "holonix",
          "rust-overlay"
        ]
      },
      "locked": {
        "lastModified": 1727352230,
        "narHash": "sha256-dTAIZFNBkC2SlwkS9nhzPRcOx2qm7l7DNVb8PvXEJRc=",
        "owner": "holochain-open-dev",
        "repo": "infrastructure",
        "rev": "6bbf25f8b10988514a5281c0706776c65c2d8fd0",
        "type": "github"
      },
      "original": {
        "owner": "holochain-open-dev",
        "repo": "infrastructure",
        "type": "github"
      }
    },
    "hc-launch": {
      "flake": false,
      "locked": {
        "lastModified": 1726473709,
        "narHash": "sha256-WjuSEtK9odQsrAIbS7TxQEYPyjYgJheMZmVj7Aentyg=",
        "owner": "holochain",
        "repo": "hc-launch",
        "rev": "c6fb9cf6d4b8e548c960527a8fc88d2ead051394",
        "type": "github"
      },
      "original": {
        "owner": "holochain",
        "ref": "holochain-weekly",
        "repo": "hc-launch",
        "type": "github"
      }
    },
    "hc-launch_2": {
      "flake": false,
      "locked": {
        "lastModified": 1726473709,
        "narHash": "sha256-WjuSEtK9odQsrAIbS7TxQEYPyjYgJheMZmVj7Aentyg=",
        "owner": "holochain",
        "repo": "hc-launch",
        "rev": "c6fb9cf6d4b8e548c960527a8fc88d2ead051394",
        "type": "github"
      },
      "original": {
        "owner": "holochain",
        "ref": "holochain-weekly",
        "repo": "hc-launch",
        "type": "github"
      }
    },
    "hc-launch_3": {
      "flake": false,
      "locked": {
        "lastModified": 1717431387,
        "narHash": "sha256-+VvWwBmxcgePV1L6kU2mSkg3emMiMgpdQnCqvQJkRPk=",
        "owner": "holochain",
        "repo": "hc-launch",
        "rev": "9d9cab5e6b57e1c278113921ff203e515c8bbd2e",
        "type": "github"
      },
      "original": {
        "owner": "holochain",
        "ref": "holochain-0.3",
        "repo": "hc-launch",
        "type": "github"
      }
    },
    "hc-launch_4": {
      "flake": false,
      "locked": {
        "lastModified": 1717431387,
        "narHash": "sha256-+VvWwBmxcgePV1L6kU2mSkg3emMiMgpdQnCqvQJkRPk=",
        "owner": "holochain",
        "repo": "hc-launch",
        "rev": "9d9cab5e6b57e1c278113921ff203e515c8bbd2e",
        "type": "github"
      },
      "original": {
        "owner": "holochain",
        "ref": "holochain-0.3",
        "repo": "hc-launch",
        "type": "github"
      }
    },
    "hc-scaffold": {
      "flake": false,
      "locked": {
        "lastModified": 1725629251,
        "narHash": "sha256-23TjhOgXdLOX05yGDK8ZVTZxovbFiGz2Mu+H45YLpAA=",
        "owner": "holochain",
        "repo": "scaffolding",
        "rev": "d415a38e686faf38c91689e176b62a93bd51b188",
        "type": "github"
      },
      "original": {
        "owner": "holochain",
        "ref": "holochain-weekly",
        "repo": "scaffolding",
        "type": "github"
      }
    },
    "hc-scaffold_2": {
      "flake": false,
      "locked": {
        "lastModified": 1725629251,
        "narHash": "sha256-23TjhOgXdLOX05yGDK8ZVTZxovbFiGz2Mu+H45YLpAA=",
        "owner": "holochain",
        "repo": "scaffolding",
        "rev": "d415a38e686faf38c91689e176b62a93bd51b188",
        "type": "github"
      },
      "original": {
        "owner": "holochain",
        "ref": "holochain-weekly",
        "repo": "scaffolding",
        "type": "github"
      }
    },
    "hc-scaffold_3": {
      "flake": false,
      "locked": {
        "lastModified": 1724073530,
        "narHash": "sha256-PUM8otA5F5s8ZHxhjupn7R+RZAjh2rueYIFwu3UkK44=",
        "owner": "holochain",
        "repo": "scaffolding",
        "rev": "8a6d1dab0f1668c2781a46d93a5ad638fcf25598",
        "type": "github"
      },
      "original": {
        "owner": "holochain",
        "ref": "holochain-0.3",
        "repo": "scaffolding",
        "type": "github"
      }
    },
    "hc-scaffold_4": {
      "flake": false,
      "locked": {
        "lastModified": 1724073530,
        "narHash": "sha256-PUM8otA5F5s8ZHxhjupn7R+RZAjh2rueYIFwu3UkK44=",
        "owner": "holochain",
        "repo": "scaffolding",
        "rev": "8a6d1dab0f1668c2781a46d93a5ad638fcf25598",
        "type": "github"
      },
      "original": {
        "owner": "holochain",
        "ref": "holochain-0.3",
        "repo": "scaffolding",
        "type": "github"
      }
    },
    "holochain": {
      "flake": false,
      "locked": {
        "lastModified": 1727226305,
        "narHash": "sha256-a4zt59D7LRnhkryusxyDGCmBxB2GOmEJDCOTLab1gY0=",
        "owner": "holochain",
        "repo": "holochain",
        "rev": "b42fb1ba3c439a7fe561cc627c5d53280fd2a83b",
        "type": "github"
      },
      "original": {
        "owner": "holochain",
        "ref": "holochain-0.4.0-dev.26",
        "repo": "holochain",
        "type": "github"
      }
    },
    "holochain_2": {
      "flake": false,
      "locked": {
        "lastModified": 1727364075,
        "narHash": "sha256-VNgxDgeq2sX/L7D8J7F3QErqMVKdZTCX6SR3Cs5YKgM=",
        "owner": "holochain",
        "repo": "holochain",
        "rev": "116f88d9baaf2b710c7cbbb7776a4b09e311b076",
        "type": "github"
      },
      "original": {
        "owner": "holochain",
        "ref": "holochain-0.4.0-dev.27",
        "repo": "holochain",
        "type": "github"
      }
    },
    "holochain_3": {
      "flake": false,
      "locked": {
        "lastModified": 1722347117,
        "narHash": "sha256-Jv4DxaVtdbO+fOD4woFoepCCOtRN/HF94xJSwViz3ck=",
        "owner": "holochain",
        "repo": "holochain",
        "rev": "97d86050b177829b623461970db5c3b64fbd74c1",
        "type": "github"
      },
      "original": {
        "owner": "holochain",
        "ref": "holochain-0.3.2",
        "repo": "holochain",
        "type": "github"
      }
    },
    "holochain_4": {
      "flake": false,
      "locked": {
        "lastModified": 1722347117,
        "narHash": "sha256-Jv4DxaVtdbO+fOD4woFoepCCOtRN/HF94xJSwViz3ck=",
        "owner": "holochain",
        "repo": "holochain",
        "rev": "97d86050b177829b623461970db5c3b64fbd74c1",
        "type": "github"
      },
      "original": {
        "owner": "holochain",
        "ref": "holochain-0.3.2",
        "repo": "holochain",
        "type": "github"
      }
    },
    "holonix": {
      "inputs": {
        "crane": "crane",
        "flake-parts": "flake-parts",
        "hc-launch": "hc-launch",
        "hc-scaffold": "hc-scaffold",
        "holochain": "holochain",
        "lair-keystore": "lair-keystore",
        "nixpkgs": "nixpkgs",
        "rust-overlay": "rust-overlay"
      },
      "locked": {
        "lastModified": 1727258034,
        "narHash": "sha256-hjO4HXA/42iorkeM0T+T+qDrFG2Edu0+tROQ5ji/npY=",
        "owner": "holochain",
        "repo": "holonix",
        "rev": "2647d78d7083b5560a9f77df618345a64d4ddb6e",
        "type": "github"
      },
      "original": {
        "owner": "holochain",
        "repo": "holonix",
        "type": "github"
      }
    },
    "holonix_2": {
      "inputs": {
        "crane": "crane_2",
        "flake-parts": "flake-parts_2",
        "hc-launch": "hc-launch_2",
        "hc-scaffold": "hc-scaffold_2",
        "holochain": "holochain_2",
        "lair-keystore": "lair-keystore_2",
        "nixpkgs": "nixpkgs_2",
        "rust-overlay": "rust-overlay_2"
      },
      "locked": {
        "lastModified": 1727381822,
        "narHash": "sha256-wa8racInCgydxkm9KOv4DQzqldAMLPnrEisl3jT0ofw=",
        "owner": "holochain",
        "repo": "holonix",
        "rev": "e78f71a0bf90ff538792d5b9a60c476dc87096bd",
        "type": "github"
      },
      "original": {
        "owner": "holochain",
        "repo": "holonix",
        "type": "github"
      }
    },
    "holonix_3": {
      "inputs": {
        "crane": "crane_3",
        "flake-parts": "flake-parts_3",
        "hc-launch": "hc-launch_3",
        "hc-scaffold": "hc-scaffold_3",
        "holochain": "holochain_3",
        "lair-keystore": "lair-keystore_3",
        "nixpkgs": "nixpkgs_3",
        "rust-overlay": "rust-overlay_3"
      },
      "locked": {
        "lastModified": 1727194089,
        "narHash": "sha256-+KmoByZhktCuJHNqYiZYedvSwhjgzLev0F0NcKNHgMY=",
        "owner": "holochain",
        "repo": "holonix",
        "rev": "0aeff9984ab60ea70df3812be605a5f455f0489b",
        "type": "github"
      },
      "original": {
        "owner": "holochain",
        "ref": "main-0.3",
        "repo": "holonix",
        "type": "github"
      }
    },
    "holonix_4": {
      "inputs": {
        "crane": "crane_4",
        "flake-parts": "flake-parts_4",
        "hc-launch": "hc-launch_4",
        "hc-scaffold": "hc-scaffold_4",
        "holochain": "holochain_4",
        "lair-keystore": "lair-keystore_4",
        "nixpkgs": "nixpkgs_4",
        "rust-overlay": "rust-overlay_4"
      },
      "locked": {
        "lastModified": 1727194089,
        "narHash": "sha256-+KmoByZhktCuJHNqYiZYedvSwhjgzLev0F0NcKNHgMY=",
        "owner": "holochain",
        "repo": "holonix",
        "rev": "0aeff9984ab60ea70df3812be605a5f455f0489b",
        "type": "github"
      },
      "original": {
        "owner": "holochain",
        "ref": "main-0.3",
        "repo": "holonix",
        "type": "github"
      }
    },
    "lair-keystore": {
      "flake": false,
      "locked": {
        "lastModified": 1726865440,
        "narHash": "sha256-+ARQs+Sfmh8QXMyjjHjm6Ib8Ag86Jm2vnyB6l3zTCgA=",
        "owner": "holochain",
        "repo": "lair",
        "rev": "9f306efed597765b70da704e1739ecc67f2510e0",
        "type": "github"
      },
      "original": {
        "owner": "holochain",
        "ref": "lair_keystore-v0.5.2",
        "repo": "lair",
        "type": "github"
      }
    },
    "lair-keystore_2": {
      "flake": false,
      "locked": {
        "lastModified": 1726865440,
        "narHash": "sha256-+ARQs+Sfmh8QXMyjjHjm6Ib8Ag86Jm2vnyB6l3zTCgA=",
        "owner": "holochain",
        "repo": "lair",
        "rev": "9f306efed597765b70da704e1739ecc67f2510e0",
        "type": "github"
      },
      "original": {
        "owner": "holochain",
        "ref": "lair_keystore-v0.5.2",
        "repo": "lair",
        "type": "github"
      }
    },
    "lair-keystore_3": {
      "flake": false,
      "locked": {
        "lastModified": 1717684904,
        "narHash": "sha256-vcXt67Tl1qwVUkx8CBevdQocqZXUEeoXjaYw86ljsYo=",
        "owner": "holochain",
        "repo": "lair",
        "rev": "6a84ed490fc7074d107e38bbb4a8d707e9b8e066",
        "type": "github"
      },
      "original": {
        "owner": "holochain",
        "ref": "lair_keystore-v0.4.5",
        "repo": "lair",
        "type": "github"
      }
    },
    "lair-keystore_4": {
      "flake": false,
      "locked": {
        "lastModified": 1717684904,
        "narHash": "sha256-vcXt67Tl1qwVUkx8CBevdQocqZXUEeoXjaYw86ljsYo=",
        "owner": "holochain",
        "repo": "lair",
        "rev": "6a84ed490fc7074d107e38bbb4a8d707e9b8e066",
        "type": "github"
      },
      "original": {
        "owner": "holochain",
        "ref": "lair_keystore-v0.4.5",
        "repo": "lair",
        "type": "github"
      }
    },
    "nixpkgs": {
      "locked": {
        "lastModified": 1717179513,
        "narHash": "sha256-vboIEwIQojofItm2xGCdZCzW96U85l9nDW3ifMuAIdM=",
        "owner": "nixos",
        "repo": "nixpkgs",
        "rev": "63dacb46bf939521bdc93981b4cbb7ecb58427a0",
        "type": "github"
      },
      "original": {
        "owner": "nixos",
        "ref": "24.05",
        "repo": "nixpkgs",
        "type": "github"
      }
    },
    "nixpkgs-lib": {
      "locked": {
        "lastModified": 1725233747,
        "narHash": "sha256-Ss8QWLXdr2JCBPcYChJhz4xJm+h/xjl4G0c0XlP6a74=",
        "type": "tarball",
        "url": "https://github.com/NixOS/nixpkgs/archive/356624c12086a18f2ea2825fed34523d60ccc4e3.tar.gz"
      },
      "original": {
        "type": "tarball",
        "url": "https://github.com/NixOS/nixpkgs/archive/356624c12086a18f2ea2825fed34523d60ccc4e3.tar.gz"
      }
    },
    "nixpkgs-lib_2": {
      "locked": {
        "lastModified": 1725233747,
        "narHash": "sha256-Ss8QWLXdr2JCBPcYChJhz4xJm+h/xjl4G0c0XlP6a74=",
        "type": "tarball",
        "url": "https://github.com/NixOS/nixpkgs/archive/356624c12086a18f2ea2825fed34523d60ccc4e3.tar.gz"
      },
      "original": {
        "type": "tarball",
        "url": "https://github.com/NixOS/nixpkgs/archive/356624c12086a18f2ea2825fed34523d60ccc4e3.tar.gz"
      }
    },
    "nixpkgs-lib_3": {
      "locked": {
        "lastModified": 1725233747,
        "narHash": "sha256-Ss8QWLXdr2JCBPcYChJhz4xJm+h/xjl4G0c0XlP6a74=",
        "type": "tarball",
        "url": "https://github.com/NixOS/nixpkgs/archive/356624c12086a18f2ea2825fed34523d60ccc4e3.tar.gz"
      },
      "original": {
        "type": "tarball",
        "url": "https://github.com/NixOS/nixpkgs/archive/356624c12086a18f2ea2825fed34523d60ccc4e3.tar.gz"
      }
    },
    "nixpkgs-lib_4": {
      "locked": {
        "lastModified": 1725233747,
        "narHash": "sha256-Ss8QWLXdr2JCBPcYChJhz4xJm+h/xjl4G0c0XlP6a74=",
        "type": "tarball",
        "url": "https://github.com/NixOS/nixpkgs/archive/356624c12086a18f2ea2825fed34523d60ccc4e3.tar.gz"
      },
      "original": {
        "type": "tarball",
        "url": "https://github.com/NixOS/nixpkgs/archive/356624c12086a18f2ea2825fed34523d60ccc4e3.tar.gz"
      }
    },
    "nixpkgs_2": {
      "locked": {
        "lastModified": 1717179513,
        "narHash": "sha256-vboIEwIQojofItm2xGCdZCzW96U85l9nDW3ifMuAIdM=",
        "owner": "nixos",
        "repo": "nixpkgs",
        "rev": "63dacb46bf939521bdc93981b4cbb7ecb58427a0",
        "type": "github"
      },
      "original": {
        "owner": "nixos",
        "ref": "24.05",
        "repo": "nixpkgs",
        "type": "github"
      }
    },
    "nixpkgs_3": {
      "locked": {
        "lastModified": 1717179513,
        "narHash": "sha256-vboIEwIQojofItm2xGCdZCzW96U85l9nDW3ifMuAIdM=",
        "owner": "nixos",
        "repo": "nixpkgs",
        "rev": "63dacb46bf939521bdc93981b4cbb7ecb58427a0",
        "type": "github"
      },
      "original": {
        "owner": "nixos",
        "ref": "24.05",
        "repo": "nixpkgs",
        "type": "github"
      }
    },
    "nixpkgs_4": {
      "locked": {
        "lastModified": 1717179513,
        "narHash": "sha256-vboIEwIQojofItm2xGCdZCzW96U85l9nDW3ifMuAIdM=",
        "owner": "nixos",
        "repo": "nixpkgs",
        "rev": "63dacb46bf939521bdc93981b4cbb7ecb58427a0",
        "type": "github"
      },
      "original": {
        "owner": "nixos",
        "ref": "24.05",
        "repo": "nixpkgs",
        "type": "github"
      }
    },
    "pnpmnixpkgs": {
      "locked": {
        "lastModified": 1727264057,
        "narHash": "sha256-KQPI8CTTnB9CrJ7LrmLC4VWbKZfljEPBXOFGZFRpxao=",
        "owner": "nixos",
        "repo": "nixpkgs",
        "rev": "759537f06e6999e141588ff1c9be7f3a5c060106",
        "type": "github"
      },
      "original": {
        "owner": "nixos",
        "ref": "nixos-24.05",
        "repo": "nixpkgs",
        "type": "github"
      }
    },
    "pnpmnixpkgs_2": {
      "locked": {
        "lastModified": 1727264057,
        "narHash": "sha256-KQPI8CTTnB9CrJ7LrmLC4VWbKZfljEPBXOFGZFRpxao=",
        "owner": "nixos",
        "repo": "nixpkgs",
        "rev": "759537f06e6999e141588ff1c9be7f3a5c060106",
        "type": "github"
      },
      "original": {
        "owner": "nixos",
        "ref": "nixos-24.05",
        "repo": "nixpkgs",
        "type": "github"
      }
    },
    "profiles": {
      "inputs": {
        "hc-infra": "hc-infra_2",
        "holonix": "holonix_4",
        "nixpkgs": [
          "profiles",
          "holonix",
          "nixpkgs"
        ]
      },
      "locked": {
        "lastModified": 1727357160,
        "narHash": "sha256-4/7Ux6rILEFyfoWfohVF3unqClTs6BJRZefEkNUVjvI=",
        "owner": "holochain-open-dev",
        "repo": "profiles",
        "rev": "43e97c82887cc3eb91ef92c9ab01b93529693b68",
        "type": "github"
      },
      "original": {
        "owner": "holochain-open-dev",
        "ref": "nixify",
        "repo": "profiles",
        "type": "github"
      }
    },
    "root": {
      "inputs": {
        "hc-infra": "hc-infra",
        "holonix": "holonix_2",
        "nixpkgs": [
          "holonix",
          "nixpkgs"
        ],
        "profiles": "profiles"
      }
    },
    "rust-overlay": {
      "inputs": {
        "nixpkgs": [
          "hc-infra",
          "holonix",
          "nixpkgs"
        ]
      },
      "locked": {
        "lastModified": 1727231386,
        "narHash": "sha256-XLloPtQHKk/Tdt8t8zIb+JhmunlH3YB9Jz8RTlQ3N/4=",
        "owner": "oxalica",
        "repo": "rust-overlay",
        "rev": "b5f76c3b09a8194889f5328a480fbea1a9115518",
        "type": "github"
      },
      "original": {
        "owner": "oxalica",
        "repo": "rust-overlay",
        "type": "github"
      }
    },
    "rust-overlay_2": {
      "inputs": {
        "nixpkgs": [
          "holonix",
          "nixpkgs"
        ]
      },
      "locked": {
        "lastModified": 1727231386,
        "narHash": "sha256-XLloPtQHKk/Tdt8t8zIb+JhmunlH3YB9Jz8RTlQ3N/4=",
        "owner": "oxalica",
        "repo": "rust-overlay",
        "rev": "b5f76c3b09a8194889f5328a480fbea1a9115518",
        "type": "github"
      },
      "original": {
        "owner": "oxalica",
        "repo": "rust-overlay",
        "type": "github"
      }
    },
    "rust-overlay_3": {
      "inputs": {
        "nixpkgs": [
          "profiles",
          "hc-infra",
          "holonix",
          "nixpkgs"
        ]
      },
      "locked": {
        "lastModified": 1725243956,
        "narHash": "sha256-0A5ZP8uDCyBdYUzayZfy6JFdTefP79oZVAjyqA/yuSI=",
        "owner": "oxalica",
        "repo": "rust-overlay",
        "rev": "a10c8092d5f82622be79ed4dd12289f72011f850",
        "type": "github"
      },
      "original": {
        "owner": "oxalica",
        "repo": "rust-overlay",
        "type": "github"
      }
    },
    "rust-overlay_4": {
      "inputs": {
        "nixpkgs": [
          "profiles",
          "holonix",
          "nixpkgs"
        ]
      },
      "locked": {
        "lastModified": 1725243956,
        "narHash": "sha256-0A5ZP8uDCyBdYUzayZfy6JFdTefP79oZVAjyqA/yuSI=",
        "owner": "oxalica",
        "repo": "rust-overlay",
        "rev": "a10c8092d5f82622be79ed4dd12289f72011f850",
        "type": "github"
      },
      "original": {
        "owner": "oxalica",
        "repo": "rust-overlay",
        "type": "github"
      }
    }
  },
  "root": "root",
  "version": 7
}
