lockfileVersion: '7.0'

settings:
  autoInstallPeers: true
  excludeLinksFromLockfile: false

importers:

  .: {}

  ui:
    dependencies:
      '@holochain-open-dev/profiles':
        specifier: github:holochain-open-dev/profiles#671eb7eeb34a5cbd99af93362e7dd18ece402ffe&path:ui
        version: github.com/holochain-open-dev/profiles/671eb7eeb34a5cbd99af93362e7dd18ece402ffe#path:ui(@types/react@18.2.65)

packages:

  /@alenaksu/json-viewer@2.0.1:
    resolution: {integrity: sha512-M6rN1bcuSGfar6ND9fFASBkez0UcWOUxMiwm2i9jlPBrpjOHOz0/utMgZhfrsgfyFPZ1H1gzfU8auJkYO1mq/g==}

  /@bitgo/blake2b-wasm@3.2.3:
    resolution: {integrity: sha512-NaurBrMaEpjfg7EdUJgW/c6byt27O6q1ZaxB5Ita10MjjYjUu0SyYF4q7JPNxpHF/lMxb0YZakOxigbDBu9Jjw==}

  /@bitgo/blake2b@3.2.4:
    resolution: {integrity: sha512-46PEgEVPxecNJ/xczggIllSxIkFIvvbVM0OfIDdNJ5qpFHUeBCkNIiGdzC3fYZlsv7bVTdUZOj79GcFBLMYBqA==}

  /@ctrl/tinycolor@4.0.3:
    resolution: {integrity: sha512-e9nEVehVJwkymQpkGhdSNzLT2Lr9UTTby+JePq4Z2SxBbOQjY7pLgSouAaXvfaGQVSAaY0U4eJdwfSDmCbItcw==}
    engines: {node: '>=14'}

  /@floating-ui/core@1.6.0:
    resolution: {integrity: sha512-PcF++MykgmTj3CIyOQbKA/hDzOAiqI3mhuoN44WRCopIs1sgoDoU4oty4Jtqaj/y3oDU6fnVSm4QG0a3t5i0+g==}

  /@floating-ui/dom@1.6.3:
    resolution: {integrity: sha512-RnDthu3mzPlQ31Ss/BTwQ1zjzIhr3lk1gZB1OC56h/1vEtaXkESrOqL5fQVMfXpwGtRwX+YsZBdyHtJMQnkArw==}

  /@floating-ui/utils@0.2.1:
    resolution: {integrity: sha512-9TANp6GPoMtYzQdt54kfAyMmz1+osLlXdg2ENroU7zzrtflTLrrC/lgrIfaSe+Wu0b89GKccT7vxXA0MoAIO+Q==}

  /@holo-host/identicon@0.1.0:
    resolution: {integrity: sha512-Dn5pTV/m3XaK1Zvq3liw/vQUt7goM7Y84x2zUyH8cb9CNMs4kPCNHs3kalbJZ/ymzFvwcdiLwwNW8AKk+WWN5A==}

  /@holochain-open-dev/elements@0.8.4:
    resolution: {integrity: sha512-9iT59XcDJyuV8m92oPAGBaHJ7MR3pDN7mSlxj4J99HqzrxFC/IK2NaPKdCc4kfmbH28ABpavppv4/5y8Ab4CAA==}

  /@holochain-open-dev/stores@0.7.16:
    resolution: {integrity: sha512-hBiTq7d2fIgqMyhQHlyPWi9RMkfhjFOsQG+1MRSleIOZRPepp/IkFeg8yqjImbdEj9GgHkZQPV72JZyWAohqgg==}

  /@holochain-open-dev/stores@0.8.11:
    resolution: {integrity: sha512-f6Khq0cZYuVql7NnEz61Roq0sUWfpkpOA75qxcbIOVghc66gnV9VXDtB67iCi4MYffkmKSUU654TOfjFB/kvQQ==}

  /@holochain-open-dev/utils@0.16.5:
    resolution: {integrity: sha512-sLP0a+v2osR7ra8ZYadLrmSdzBV3rEl/1qKlnY2PEWJ014KK4MVC08FyJ5hu4JSzeZMhEEUkB3AELuONvcGhHA==}

  /@holochain/client@0.16.10:
    resolution: {integrity: sha512-Urgx6vXNux2XD/4+eOxou2FKwlUBu/g/BxUSZLX6wEaYWH9wDYXR5f3VToUrAhXGF5ssc08jb8jLiQZ23k62EQ==}
    engines: {node: '>=18.0.0 || >=20.0.0'}

  /@holochain/client@0.17.0-dev.7:
    resolution: {integrity: sha512-dr0S+4Au/sS/PXu0T7Lm1uqwkPVpcWvbMBL9xD7bRv4pfWMratGdP3OpeA356l4bkpSJxkOltz2o2kN3pW3tRQ==}
    engines: {node: '>=18.0.0 || >=20.0.0'}

  /@holochain/serialization@0.1.0-beta-rc.3:
    resolution: {integrity: sha512-DJx4V2KXHVLciyOGjOYKTM/JLBpBEZ3RsPIRCgf7qmwhQdxXvhi2p+oFFRD51yUT5uC1/MzIVeJCl/R60PwFbw==}

  /@lit-labs/ssr-dom-shim@1.2.0:
    resolution: {integrity: sha512-yWJKmpGE6lUURKAaIltoPIE/wrbY3TEkqQt+X0m+7fQNnAv0keydnYvbiJFP1PnMhizmIWRWOG5KLhYyc/xl+g==}

  /@lit/context@1.1.0:
    resolution: {integrity: sha512-fCyv4dsH05wCNm3AKbB+PdYbXGJd/XT8OOwo4hVmD4COq5wOWJlQreGAMDvmHZ7osqxuu06Y4nmP6ooXpN7ErA==}

  /@lit/localize@0.12.1:
    resolution: {integrity: sha512-uuF6OO6fjqomCf3jXsJ5cTGf1APYuN88S4Gvo/fjt9YkG4OMaMvpEUqd5oWhyzrJfY+HcenAbLJNi2Cq3H7gdg==}

  /@lit/react@1.0.3:
    resolution: {integrity: sha512-RGoPMrAPbFjQFXFbfmYdotw000DyChehTim+d562HRXvFGw//KxouI8jNOcc3Kw/1uqUA1SJqXFtKKxK0NUrww==}
    peerDependencies:
      '@types/react': 17 || 18

  /@lit/reactive-element@1.6.3:
    resolution: {integrity: sha512-QuTgnG52Poic7uM1AN5yJ09QMe0O28e10XzSvWDz02TJiiKee4stsiownEIadWm8nYzyDAyT+gKzUoZmiWQtsQ==}

  /@lit/reactive-element@2.0.4:
    resolution: {integrity: sha512-GFn91inaUa2oHLak8awSIigYz0cU0Payr1rcFsrkf5OJ5eSPxElyZfKh0f2p9FsTiZWXQdWGJeXZICEfXXYSXQ==}

  /@mdi/js@7.4.47:
    resolution: {integrity: sha512-KPnNOtm5i2pMabqZxpUz7iQf+mfrYZyKCZ8QNz85czgEt7cuHcGorWfdzUMWYA0SD+a6Hn4FmJ+YhzzzjkTZrQ==}

  /@msgpack/msgpack@2.8.0:
    resolution: {integrity: sha512-h9u4u/jiIRKbq25PM+zymTyW6bhTzELvOoUd+AvYriWOAKpLGnIamaET3pnHYoI5iYphAHBI4ayx0MehR+VVPQ==}
    engines: {node: '>= 10'}

  /@open-wc/dedupe-mixin@1.4.0:
    resolution: {integrity: sha512-Sj7gKl1TLcDbF7B6KUhtvr+1UCxdhMbNY5KxdU5IfMFWqL8oy1ZeAcCANjoB1TL0AJTcPmcCFsCbHf8X2jGDUA==}

  /@open-wc/scoped-elements@2.2.4:
    resolution: {integrity: sha512-12X4F4QGPWcvPbxAiJ4v8wQFCOu+laZHRGfTrkoj+3JzACCtuxHG49YbuqVzQ135QPKCuhP9wA0kpGGEfUegyg==}

  /@scoped-elements/cytoscape@0.2.0:
    resolution: {integrity: sha512-HrC7Pc1SCIHrDTUE883ArvljUENH9FW9qxRwzeXF8LxW5OP2+SaNJSSBaoPztmI15YHOL0aN7uuG9ozRn0EHpA==}

  /@shoelace-style/animations@1.1.0:
    resolution: {integrity: sha512-Be+cahtZyI2dPKRm8EZSx3YJQ+jLvEcn3xzRP7tM4tqBnvd/eW/64Xh0iOf0t2w5P8iJKfdBbpVNE9naCaOf2g==}

  /@shoelace-style/localize@3.1.2:
    resolution: {integrity: sha512-Hf45HeO+vdQblabpyZOTxJ4ZeZsmIUYXXPmoYrrR4OJ5OKxL+bhMz5mK8JXgl7HsoEowfz7+e248UGi861de9Q==}

  /@shoelace-style/shoelace@2.14.0:
    resolution: {integrity: sha512-b8HXsSMvKX/9D5yCygnCkAuwZfxYof1+owJx9fYggq/bOAQ8WQcZzMBPTI4amgfwEnFzhRF8ETT+V8w+sptlww==}
    engines: {node: '>=14.17.0'}

  /@tauri-apps/api@1.5.3:
    resolution: {integrity: sha512-zxnDjHHKjOsrIzZm6nO5Xapb/BxqUq1tc7cGkFXsFkGTsSWgCPH1D8mm0XS9weJY2OaR73I3k3S+b7eSzJDfqA==}
    engines: {node: '>= 14.6.0', npm: '>= 6.6.0', yarn: '>= 1.19.1'}

  /@types/cytoscape@3.19.16:
    resolution: {integrity: sha512-A3zkjaZ6cOGyqEvrVuC1YUgiRSJhDZOj8Qhd1ALH2/+YxH2za1BOmR4RWQsKYHsc+aMP/IWoqg1COuUbZ39t/g==}

  /@types/prop-types@15.7.11:
    resolution: {integrity: sha512-ga8y9v9uyeiLdpKddhxYQkxNDrfvuPrlFb0N1qnZZByvcElJaXthF1UhvCh9TLWJBEHeNtdnbysW7Y6Uq8CVng==}

  /@types/react@18.2.65:
    resolution: {integrity: sha512-98TsY0aW4jqx/3RqsUXwMDZSWR1Z4CUlJNue8ueS2/wcxZOsz4xmW1X8ieaWVRHcmmQM3R8xVA4XWB3dJnWwDQ==}

  /@types/scheduler@0.16.8:
    resolution: {integrity: sha512-WZLiwShhwLRmeV6zH+GkbOFT6Z6VklCItrDioxUnv+u4Ll+8vKeFySoFyK/0ctcRpOmwAicELfmys1sDc/Rw+A==}

  /@types/trusted-types@2.0.7:
    resolution: {integrity: sha512-ScaPdn1dQczgbl0QFTeTOmVHFULt394XJgOQNoyVhZ6r2vLnMLJfBPd53SB52T/3G36VI1/g2MZaX0cwDuXsfw==}

  /blakejs@1.2.1:
    resolution: {integrity: sha512-QXUSXI3QVc/gJME0dBpXrag1kbzOqCjCX8/b54ntNyW6sjtoqxqRk3LTmXzaJoh71zMsDCjM+47jS7XiwN/+fQ==}

  /composed-offset-position@0.0.4:
    resolution: {integrity: sha512-vMlvu1RuNegVE0YsCDSV/X4X10j56mq7PCIyOKK74FxkXzGLwhOUmdkJLSdOBOMwWycobGUMgft2lp+YgTe8hw==}

  /cose-base@1.0.3:
    resolution: {integrity: sha512-s9whTXInMSgAp/NVXVNuVxVKzGH2qck3aQlVHxDCdAEPgtMKwc4Wq6/QKhgdEdgbLSi9rBTAcPoRa6JpiG4ksg==}

  /csstype@3.1.3:
    resolution: {integrity: sha512-M1uQkMl8rQK/szD0LNhtqxIPLpimGm8sOBwU7lLnCpSbTyY3yeU1Vc7l4KT5zT4s/yOxHH5O7tIuuLOCnLADRw==}

  /cytoscape-cola@2.5.1:
    resolution: {integrity: sha512-4/2S9bW1LvdsEPmxXN1OEAPFPbk7DvCx2c9d+TblkQAAvptGaSgtPWCByTEGgT8UxCxcVqes2aFPO5pzwo7R2w==}
    peerDependencies:
      cytoscape: ^3.2.0

  /cytoscape-cose-bilkent@4.1.0:
    resolution: {integrity: sha512-wgQlVIUJF13Quxiv5e1gstZ08rnZj2XaLHGoFMYXz7SkNfCDOOteKBE6SYRfA9WxxI/iBc3ajfDoc6hb/MRAHQ==}
    peerDependencies:
      cytoscape: ^3.2.0

  /cytoscape-dagre@2.5.0:
    resolution: {integrity: sha512-VG2Knemmshop4kh5fpLO27rYcyUaaDkRw+6PiX4bstpB+QFt0p2oauMrsjVbUamGWQ6YNavh7x2em2uZlzV44g==}
    peerDependencies:
      cytoscape: ^3.2.22

  /cytoscape-klay@3.1.4:
    resolution: {integrity: sha512-VwPj0VR25GPfy6qXVQRi/MYlZM/zkdvRhHlgqbM//lSvstgM6fhp3ik/uM8Wr8nlhskfqz/M1fIDmR6UckbS2A==}
    peerDependencies:
      cytoscape: ^3.2.0

  /cytoscape@3.28.1:
    resolution: {integrity: sha512-xyItz4O/4zp9/239wCcH8ZcFuuZooEeF8KHRmzjDfGdXsj3OG9MFSMA0pJE0uX3uCN/ygof6hHf4L7lst+JaDg==}
    engines: {node: '>=0.10'}

  /d3-dispatch@1.0.6:
    resolution: {integrity: sha512-fVjoElzjhCEy+Hbn8KygnmMS7Or0a9sI2UzGwoB7cCtvI1XpVN9GpoYlnb3xt2YV66oXYb1fLJ8GMvP4hdU1RA==}

  /d3-drag@1.2.5:
    resolution: {integrity: sha512-rD1ohlkKQwMZYkQlYVCrSFxsWPzI97+W+PaEIBNTMxRuxz9RF0Hi5nJWHGVJ3Om9d2fRTe1yOBINJyy/ahV95w==}

  /d3-path@1.0.9:
    resolution: {integrity: sha512-VLaYcn81dtHVTjEHd8B+pbe9yHWpXKZUC87PzoFmsFrJqgFwDe/qxfp5MlfsfM1V5E/iVt0MmEbWQ7FVIXh/bg==}

  /d3-selection@1.4.2:
    resolution: {integrity: sha512-SJ0BqYihzOjDnnlfyeHT0e30k0K1+5sR3d5fNueCNeuhZTnGw4M4o8mqJchSwgKMXCNFo+e2VTChiSJ0vYtXkg==}

  /d3-shape@1.3.7:
    resolution: {integrity: sha512-EUkvKjqPFUAZyOlhY5gzCxCeI0Aep04LwIRpsZ/mLFelJiUfnK56jo5JMDSE7yyP2kLSb6LtF+S5chMk7uqPqw==}

  /d3-timer@1.0.10:
    resolution: {integrity: sha512-B1JDm0XDaQC+uvo4DT79H0XmBskgS3l6Ve+1SBCfxgmtIb1AVrPIoqd+nPSv+loMX8szQ0sVUhGngL7D5QPiXw==}

  /dagre@0.8.5:
    resolution: {integrity: sha512-/aTqmnRta7x7MCCpExk7HQL2O4owCT2h8NT//9I1OQ9vt29Pa0BzSAkR5lwFUcQ7491yVi/3CXU9jQ5o0Mn2Sw==}

  /emittery@1.0.3:
    resolution: {integrity: sha512-tJdCJitoy2lrC2ldJcqN4vkqJ00lT+tOWNT1hBJjO/3FDMJa5TTIiYGCKGkn/WfCyOzUMObeohbVTj00fhiLiA==}
    engines: {node: '>=14.16'}

  /graphlib@2.1.8:
    resolution: {integrity: sha512-jcLLfkpoVGmH7/InMC/1hIvOPSUh38oJtGhvrOFGzioE1DZ+0YW16RgmOJhHiuWTvGiJQ9Z1Ik43JvkRPRvE+A==}

  /heap@0.2.7:
    resolution: {integrity: sha512-2bsegYkkHO+h/9MGbn6KWcE45cHZgPANo5LXF7EvWdT0yT2EguSVO1nDgU5c8+ZOPwp2vMNa7YFsJhVcDR9Sdg==}

  /is-plain-obj@4.1.0:
    resolution: {integrity: sha512-+Pgi+vMuUNkJyExiMBt5IlFoMyKnr5zhJ4Uspz58WOhBF5QoIZkFyNHIbBAtHwzVAgk5RtndVNsDRN61/mmDqg==}
    engines: {node: '>=12'}

  /isomorphic-ws@5.0.0:
    resolution: {integrity: sha512-muId7Zzn9ywDsyXgTIafTry2sV3nySZeUDe6YedVd1Hvuuep5AsIlqK+XefWpYTyJG5e503F2xIuT2lcU6rCSw==}
    peerDependencies:
      ws: '*'

  /js-base64@3.7.7:
    resolution: {integrity: sha512-7rCnleh0z2CkXhH67J8K1Ytz0b2Y+yxTPL+/KOJoa20hfnVQ/3/T6W/KflYI4bRHRagNeXeU2bkNGI3v1oS/lw==}

  /klayjs@0.4.1:
    resolution: {integrity: sha512-WUNxuO7O79TEkxCj6OIaK5TJBkaWaR/IKNTakgV9PwDn+mrr63MLHed34AcE2yTaDntgO6l0zGFIzhcoTeroTA==}

  /layout-base@1.0.2:
    resolution: {integrity: sha512-8h2oVEZNktL4BH2JCOI90iD1yXwL6iNW7KcCKT2QZgQJR2vbqDsldCTPRU9NifTCqHZci57XvQQ15YTu+sTYPg==}

  /libsodium-wrappers@0.7.13:
    resolution: {integrity: sha512-kasvDsEi/r1fMzKouIDv7B8I6vNmknXwGiYodErGuESoFTohGSKZplFtVxZqHaoQ217AynyIFgnOVRitpHs0Qw==}

  /libsodium@0.7.13:
    resolution: {integrity: sha512-mK8ju0fnrKXXfleL53vtp9xiPq5hKM0zbDQtcxQIsSmxNgSxqCj6R7Hl9PkrNe2j29T4yoDaF7DJLK9/i5iWUw==}

  /lit-element@3.3.3:
    resolution: {integrity: sha512-XbeRxmTHubXENkV4h8RIPyr8lXc+Ff28rkcQzw3G6up2xg5E8Zu1IgOWIwBLEQsu3cOVFqdYwiVi0hv0SlpqUA==}

  /lit-element@4.0.4:
    resolution: {integrity: sha512-98CvgulX6eCPs6TyAIQoJZBCQPo80rgXR+dVBs61cstJXqtI+USQZAbA4gFHh6L/mxBx9MrgPLHLsUgDUHAcCQ==}

  /lit-html@2.8.0:
    resolution: {integrity: sha512-o9t+MQM3P4y7M7yNzqAyjp7z+mQGa4NS4CxiyLqFPyFWyc4O+nodLrkrxSaCTrla6M5YOLaT3RpbbqjszB5g3Q==}

  /lit-html@3.1.2:
    resolution: {integrity: sha512-3OBZSUrPnAHoKJ9AMjRL/m01YJxQMf+TMHanNtTHG68ubjnZxK0RFl102DPzsw4mWnHibfZIBJm3LWCZ/LmMvg==}

  /lit-svelte-stores@0.3.2:
    resolution: {integrity: sha512-igOf4kFdpCTT+dtRJXbfhNWvNOn849MUfFJTQALE7LUsMLwaoCSvUa0DDFpTHqeMS4EjW5GEOycMy5AR+BH3PA==}

  /lit@2.8.0:
    resolution: {integrity: sha512-4Sc3OFX9QHOJaHbmTMk28SYgVxLN3ePDjg7hofEft2zWlehFL3LiAuapWc4U/kYwMYJSh2hTCPZ6/LIC7ii0MA==}

  /lit@3.1.2:
    resolution: {integrity: sha512-VZx5iAyMtX7CV4K8iTLdCkMaYZ7ipjJZ0JcSdJ0zIdGxxyurjIn7yuuSxNBD7QmjvcNJwr0JS4cAdAtsy7gZ6w==}

  /lodash-es@4.17.21:
    resolution: {integrity: sha512-mKnC+QJ9pWVzv+C4/U3rRsHapFfHvQFoFB92e52xeyGMcX6/OlIl78je1u8vePzYZSkkogMPJ2yjxxsb89cxyw==}

  /lodash@4.17.21:
    resolution: {integrity: sha512-v2kDEe57lecTulaDIuNTPy3Ry4gLGJ6Z1O3vE1krgXZNrsQ+LFTGHVxVjcXPs17LhbZVGedAJv8XZ1tvj5FvSg==}

  /nanoassert@1.1.0:
    resolution: {integrity: sha512-C40jQ3NzfkP53NsO8kEOFd79p4b9kDXQMwgiY1z8ZwrDZgUyom0AHwGegF4Dm99L+YoYhuaB0ceerUcXmqr1rQ==}

  /nanoassert@2.0.0:
    resolution: {integrity: sha512-7vO7n28+aYO4J+8w96AzhmU8G+Y/xpPDJz/se19ICsqj/momRbb9mh9ZUtkoJ5X3nTnPdhEJyc0qnM6yAsHBaA==}

  /orderedmap@2.1.1:
    resolution: {integrity: sha512-TvAWxi0nDe1j/rtMcWcIj94+Ffe6n7zhow33h40SKxmsmozs6dz/e+EajymfoFcHd7sxNn8yHM8839uixMOV6g==}

  /prosemirror-commands@1.5.2:
    resolution: {integrity: sha512-hgLcPaakxH8tu6YvVAaILV2tXYsW3rAdDR8WNkeKGcgeMVQg3/TMhPdVoh7iAmfgVjZGtcOSjKiQaoeKjzd2mQ==}

  /prosemirror-keymap@1.2.2:
    resolution: {integrity: sha512-EAlXoksqC6Vbocqc0GtzCruZEzYgrn+iiGnNjsJsH4mrnIGex4qbLdWWNza3AW5W36ZRrlBID0eM6bdKH4OStQ==}

  /prosemirror-model@1.19.4:
    resolution: {integrity: sha512-RPmVXxUfOhyFdayHawjuZCxiROsm9L4FCUA6pWI+l7n2yCBsWy9VpdE1hpDHUS8Vad661YLY9AzqfjLhAKQ4iQ==}

  /prosemirror-state@1.4.3:
    resolution: {integrity: sha512-goFKORVbvPuAQaXhpbemJFRKJ2aixr+AZMGiquiqKxaucC6hlpHNZHWgz5R7dS4roHiwq9vDctE//CZ++o0W1Q==}

  /prosemirror-transform@1.8.0:
    resolution: {integrity: sha512-BaSBsIMv52F1BVVMvOmp1yzD3u65uC3HTzCBQV1WDPqJRQ2LuHKcyfn0jwqodo8sR9vVzMzZyI+Dal5W9E6a9A==}

  /prosemirror-view@1.33.1:
    resolution: {integrity: sha512-62qkYgSJIkwIMMCpuGuPzc52DiK1Iod6TWoIMxP4ja6BTD4yO8kCUL64PZ/WhH/dJ9fW0CDO39FhH1EMyhUFEg==}

  /qr-creator@1.0.0:
    resolution: {integrity: sha512-C0cqfbS1P5hfqN4NhsYsUXePlk9BO+a45bAQ3xLYjBL3bOIFzoVEjs79Fado9u9BPBD3buHi3+vY+C8tHh4qMQ==}

  /sort-keys@5.0.0:
    resolution: {integrity: sha512-Pdz01AvCAottHTPQGzndktFNdbRA75BgOfeT1hH+AMnJFv8lynkPi42rfeEhpx1saTEI3YNMWxfqu0sFD1G8pw==}
    engines: {node: '>=12'}

  /svelte@3.59.2:
    resolution: {integrity: sha512-vzSyuGr3eEoAtT/A6bmajosJZIUWySzY2CzB3w2pgPvnkUjGqlDnsNnA0PMO+mMAhuyMul6C2uuZzY6ELSkzyA==}
    engines: {node: '>= 8'}

  /w3c-keyname@2.2.8:
    resolution: {integrity: sha512-dpojBhNsCNN7T82Tm7k26A6G9ML3NkhDsnw9n/eoxSRlVBB4CEtIQ/KTCLI2Fwf3ataSXRhYFkQi3SlnFwPvPQ==}

  /webcola@3.4.0:
    resolution: {integrity: sha512-4BiLXjXw3SJHo3Xd+rF+7fyClT6n7I+AR6TkBqyQ4kTsePSAMDLRCXY1f3B/kXJeP9tYn4G1TblxTO+jAt0gaw==}

  /ws@8.16.0:
    resolution: {integrity: sha512-HS0c//TP7Ina87TfiPUz1rQzMhHrl/SG2guqRcTOIUYD2q8uhUdNHZYJUaQ8aTGPzCh+c6oawMKW35nFl1dxyQ==}
    engines: {node: '>=10.0.0'}
    peerDependencies:
      bufferutil: ^4.0.1
      utf-8-validate: '>=5.0.2'
    peerDependenciesMeta:
      bufferutil:
        optional: true
      utf-8-validate:
        optional: true

  github.com/holochain-open-dev/profiles/671eb7eeb34a5cbd99af93362e7dd18ece402ffe#path:ui:
    resolution: {path: ui, tarball: https://codeload.github.com/holochain-open-dev/profiles/tar.gz/671eb7eeb34a5cbd99af93362e7dd18ece402ffe}
    name: '@holochain-open-dev/profiles'
    version: 0.17.2

snapshots:

  /@alenaksu/json-viewer@2.0.1:
    dependencies:
      lit: 2.8.0
    dev: false

  /@bitgo/blake2b-wasm@3.2.3:
    dependencies:
      nanoassert: 1.1.0
    dev: false

  /@bitgo/blake2b@3.2.4:
    dependencies:
      '@bitgo/blake2b-wasm': 3.2.3
      nanoassert: 2.0.0
    dev: false

  /@ctrl/tinycolor@4.0.3:
    dev: false

  /@floating-ui/core@1.6.0:
    dependencies:
      '@floating-ui/utils': 0.2.1
    dev: false

  /@floating-ui/dom@1.6.3:
    dependencies:
      '@floating-ui/core': 1.6.0
      '@floating-ui/utils': 0.2.1
    dev: false

  /@floating-ui/utils@0.2.1:
    dev: false

  /@holo-host/identicon@0.1.0:
    dev: false

  /@holochain-open-dev/elements@0.8.4(@types/react@18.2.65):
    dependencies:
      '@holo-host/identicon': 0.1.0
      '@holochain-open-dev/stores': 0.7.16(@types/react@18.2.65)
      '@holochain/client': 0.16.10
      '@lit/localize': 0.12.1
      '@mdi/js': 7.4.47
      '@shoelace-style/shoelace': 2.14.0(@types/react@18.2.65)
      lit: 3.1.2
      prosemirror-commands: 1.5.2
      prosemirror-keymap: 1.2.2
      prosemirror-state: 1.4.3
      prosemirror-view: 1.33.1
    transitivePeerDependencies:
      - '@types/react'
      - bufferutil
      - utf-8-validate
    dev: false

  /@holochain-open-dev/stores@0.7.16(@types/react@18.2.65):
    dependencies:
      '@alenaksu/json-viewer': 2.0.1
      '@holochain-open-dev/utils': 0.16.5
      '@holochain/client': 0.16.10
      '@scoped-elements/cytoscape': 0.2.0
      '@shoelace-style/shoelace': 2.14.0(@types/react@18.2.65)
      lit: 3.1.2
      lit-svelte-stores: 0.3.2
      svelte: 3.59.2
    transitivePeerDependencies:
      - '@types/react'
      - bufferutil
      - utf-8-validate
    dev: false

  /@holochain-open-dev/stores@0.8.11(@types/react@18.2.65):
    dependencies:
      '@alenaksu/json-viewer': 2.0.1
      '@holochain-open-dev/utils': 0.16.5
      '@holochain/client': 0.16.10
      '@scoped-elements/cytoscape': 0.2.0
      '@shoelace-style/shoelace': 2.14.0(@types/react@18.2.65)
      lit: 3.1.2
      lit-svelte-stores: 0.3.2
      svelte: 3.59.2
    transitivePeerDependencies:
      - '@types/react'
      - bufferutil
      - utf-8-validate
    dev: false

  /@holochain-open-dev/utils@0.16.5:
    dependencies:
      '@holochain/client': 0.16.10
      '@msgpack/msgpack': 2.8.0
      blakejs: 1.2.1
      emittery: 1.0.3
      lodash-es: 4.17.21
      sort-keys: 5.0.0
    transitivePeerDependencies:
      - bufferutil
      - utf-8-validate
    dev: false

  /@holochain/client@0.16.10:
    dependencies:
      '@bitgo/blake2b': 3.2.4
      '@holochain/serialization': 0.1.0-beta-rc.3
      '@msgpack/msgpack': 2.8.0
      '@tauri-apps/api': 1.5.3
      emittery: 1.0.3
      isomorphic-ws: 5.0.0(ws@8.16.0)
      js-base64: 3.7.7
      libsodium-wrappers: 0.7.13
      lodash-es: 4.17.21
      ws: 8.16.0
    transitivePeerDependencies:
      - bufferutil
      - utf-8-validate
    dev: false

  /@holochain/client@0.17.0-dev.7:
    dependencies:
      '@bitgo/blake2b': 3.2.4
      '@holochain/serialization': 0.1.0-beta-rc.3
      '@msgpack/msgpack': 2.8.0
      '@tauri-apps/api': 1.5.3
      emittery: 1.0.3
      isomorphic-ws: 5.0.0(ws@8.16.0)
      js-base64: 3.7.7
      libsodium-wrappers: 0.7.13
      lodash-es: 4.17.21
      ws: 8.16.0
    transitivePeerDependencies:
      - bufferutil
      - utf-8-validate
    dev: false

  /@holochain/serialization@0.1.0-beta-rc.3:
    dev: false

  /@lit-labs/ssr-dom-shim@1.2.0:
    dev: false

  /@lit/context@1.1.0:
    dependencies:
      '@lit/reactive-element': 2.0.4
    dev: false

  /@lit/localize@0.12.1:
    dependencies:
      lit: 3.1.2
    dev: false

  /@lit/react@1.0.3(@types/react@18.2.65):
    dependencies:
      '@types/react': 18.2.65
    dev: false

  /@lit/reactive-element@1.6.3:
    dependencies:
      '@lit-labs/ssr-dom-shim': 1.2.0
    dev: false

  /@lit/reactive-element@2.0.4:
    dependencies:
      '@lit-labs/ssr-dom-shim': 1.2.0
    dev: false

  /@mdi/js@7.4.47:
    dev: false

  /@msgpack/msgpack@2.8.0:
    dev: false

  /@open-wc/dedupe-mixin@1.4.0:
    dev: false

  /@open-wc/scoped-elements@2.2.4:
    dependencies:
      '@lit/reactive-element': 2.0.4
      '@open-wc/dedupe-mixin': 1.4.0
    dev: false

  /@scoped-elements/cytoscape@0.2.0:
    dependencies:
      '@open-wc/scoped-elements': 2.2.4
      '@types/cytoscape': 3.19.16
      cytoscape: 3.28.1
      cytoscape-cola: 2.5.1(cytoscape@3.28.1)
      cytoscape-cose-bilkent: 4.1.0(cytoscape@3.28.1)
      cytoscape-dagre: 2.5.0(cytoscape@3.28.1)
      cytoscape-klay: 3.1.4(cytoscape@3.28.1)
      lit: 2.8.0
      lodash-es: 4.17.21
    dev: false

  /@shoelace-style/animations@1.1.0:
    dev: false

  /@shoelace-style/localize@3.1.2:
    dev: false

  /@shoelace-style/shoelace@2.14.0(@types/react@18.2.65):
    dependencies:
      '@ctrl/tinycolor': 4.0.3
      '@floating-ui/dom': 1.6.3
      '@lit/react': 1.0.3(@types/react@18.2.65)
      '@shoelace-style/animations': 1.1.0
      '@shoelace-style/localize': 3.1.2
      composed-offset-position: 0.0.4
      lit: 3.1.2
      qr-creator: 1.0.0
    transitivePeerDependencies:
      - '@types/react'
    dev: false

  /@tauri-apps/api@1.5.3:
    dev: false

  /@types/cytoscape@3.19.16:
    dev: false

  /@types/prop-types@15.7.11:
    dev: false

  /@types/react@18.2.65:
    dependencies:
      '@types/prop-types': 15.7.11
      '@types/scheduler': 0.16.8
      csstype: 3.1.3
    dev: false

  /@types/scheduler@0.16.8:
    dev: false

  /@types/trusted-types@2.0.7:
    dev: false

  /blakejs@1.2.1:
    dev: false

  /composed-offset-position@0.0.4:
    dev: false

  /cose-base@1.0.3:
    dependencies:
      layout-base: 1.0.2
    dev: false

  /csstype@3.1.3:
    dev: false

  /cytoscape-cola@2.5.1(cytoscape@3.28.1):
    dependencies:
      cytoscape: 3.28.1
      webcola: 3.4.0
    dev: false

  /cytoscape-cose-bilkent@4.1.0(cytoscape@3.28.1):
    dependencies:
      cose-base: 1.0.3
      cytoscape: 3.28.1
    dev: false

  /cytoscape-dagre@2.5.0(cytoscape@3.28.1):
    dependencies:
      cytoscape: 3.28.1
      dagre: 0.8.5
    dev: false

  /cytoscape-klay@3.1.4(cytoscape@3.28.1):
    dependencies:
      cytoscape: 3.28.1
      klayjs: 0.4.1
    dev: false

  /cytoscape@3.28.1:
    dependencies:
      heap: 0.2.7
      lodash: 4.17.21
    dev: false

  /d3-dispatch@1.0.6:
    dev: false

  /d3-drag@1.2.5:
    dependencies:
      d3-dispatch: 1.0.6
      d3-selection: 1.4.2
    dev: false

  /d3-path@1.0.9:
    dev: false

  /d3-selection@1.4.2:
    dev: false

  /d3-shape@1.3.7:
    dependencies:
      d3-path: 1.0.9
    dev: false

  /d3-timer@1.0.10:
    dev: false

  /dagre@0.8.5:
    dependencies:
      graphlib: 2.1.8
      lodash: 4.17.21
    dev: false

  /emittery@1.0.3:
    dev: false

  /graphlib@2.1.8:
    dependencies:
      lodash: 4.17.21
    dev: false

  /heap@0.2.7:
    dev: false

  /is-plain-obj@4.1.0:
    dev: false

  /isomorphic-ws@5.0.0(ws@8.16.0):
    dependencies:
      ws: 8.16.0
    dev: false

  /js-base64@3.7.7:
    dev: false

  /klayjs@0.4.1:
    dev: false

  /layout-base@1.0.2:
    dev: false

  /libsodium-wrappers@0.7.13:
    dependencies:
      libsodium: 0.7.13
    dev: false

  /libsodium@0.7.13:
    dev: false

  /lit-element@3.3.3:
    dependencies:
      '@lit-labs/ssr-dom-shim': 1.2.0
      '@lit/reactive-element': 1.6.3
      lit-html: 2.8.0
    dev: false

  /lit-element@4.0.4:
    dependencies:
      '@lit-labs/ssr-dom-shim': 1.2.0
      '@lit/reactive-element': 2.0.4
      lit-html: 3.1.2
    dev: false

  /lit-html@2.8.0:
    dependencies:
      '@types/trusted-types': 2.0.7
    dev: false

  /lit-html@3.1.2:
    dependencies:
      '@types/trusted-types': 2.0.7
    dev: false

  /lit-svelte-stores@0.3.2:
    dependencies:
      lit: 3.1.2
      lodash-es: 4.17.21
      svelte: 3.59.2
    dev: false

  /lit@2.8.0:
    dependencies:
      '@lit/reactive-element': 1.6.3
      lit-element: 3.3.3
      lit-html: 2.8.0
    dev: false

  /lit@3.1.2:
    dependencies:
      '@lit/reactive-element': 2.0.4
      lit-element: 4.0.4
      lit-html: 3.1.2
    dev: false

  /lodash-es@4.17.21:
    dev: false

  /lodash@4.17.21:
    dev: false

  /nanoassert@1.1.0:
    dev: false

  /nanoassert@2.0.0:
    dev: false

  /orderedmap@2.1.1:
    dev: false

  /prosemirror-commands@1.5.2:
    dependencies:
      prosemirror-model: 1.19.4
      prosemirror-state: 1.4.3
      prosemirror-transform: 1.8.0
    dev: false

  /prosemirror-keymap@1.2.2:
    dependencies:
      prosemirror-state: 1.4.3
      w3c-keyname: 2.2.8
    dev: false

  /prosemirror-model@1.19.4:
    dependencies:
      orderedmap: 2.1.1
    dev: false

  /prosemirror-state@1.4.3:
    dependencies:
      prosemirror-model: 1.19.4
      prosemirror-transform: 1.8.0
      prosemirror-view: 1.33.1
    dev: false

  /prosemirror-transform@1.8.0:
    dependencies:
      prosemirror-model: 1.19.4
    dev: false

  /prosemirror-view@1.33.1:
    dependencies:
      prosemirror-model: 1.19.4
      prosemirror-state: 1.4.3
      prosemirror-transform: 1.8.0
    dev: false

  /qr-creator@1.0.0:
    dev: false

  /sort-keys@5.0.0:
    dependencies:
      is-plain-obj: 4.1.0
    dev: false

  /svelte@3.59.2:
    dev: false

  /w3c-keyname@2.2.8:
    dev: false

  /webcola@3.4.0:
    dependencies:
      d3-dispatch: 1.0.6
      d3-drag: 1.2.5
      d3-shape: 1.3.7
      d3-timer: 1.0.10
    dev: false

  /ws@8.16.0:
    dev: false

  github.com/holochain-open-dev/profiles/671eb7eeb34a5cbd99af93362e7dd18ece402ffe#path:ui(@types/react@18.2.65):
    id: github.com/holochain-open-dev/profiles/671eb7eeb34a5cbd99af93362e7dd18ece402ffe#path:ui
    dependencies:
      '@holochain-open-dev/elements': 0.8.4(@types/react@18.2.65)
      '@holochain-open-dev/stores': 0.8.11(@types/react@18.2.65)
      '@holochain-open-dev/utils': 0.16.5
      '@holochain/client': 0.17.0-dev.7
      '@lit/context': 1.1.0
      '@lit/localize': 0.12.1
      '@mdi/js': 7.4.47
      '@shoelace-style/shoelace': 2.14.0(@types/react@18.2.65)
      lit: 3.1.2
    transitivePeerDependencies:
      - '@types/react'
      - bufferutil
      - utf-8-validate
    dev: false
