lockfileVersion: '9.0'

settings:
  autoInstallPeers: true
  excludeLinksFromLockfile: false

importers:

  .: {}

  ui:
    dependencies:
      '@holochain-open-dev/profiles':
        specifier: github:holochain-open-dev/profiles#6000dc6c04194429f2768517670366c411c4a03a&path:ui
        version: https://codeload.github.com/holochain-open-dev/profiles/tar.gz/6000dc6c04194429f2768517670366c411c4a03a#path:ui(@types/react@18.3.3)

packages:

  '@bitgo/blake2b-wasm@3.2.3':
    resolution: {integrity: sha512-NaurBrMaEpjfg7EdUJgW/c6byt27O6q1ZaxB5Ita10MjjYjUu0SyYF4q7JPNxpHF/lMxb0YZakOxigbDBu9Jjw==}

  '@bitgo/blake2b@3.2.4':
    resolution: {integrity: sha512-46PEgEVPxecNJ/xczggIllSxIkFIvvbVM0OfIDdNJ5qpFHUeBCkNIiGdzC3fYZlsv7bVTdUZOj79GcFBLMYBqA==}

  '@ctrl/tinycolor@4.1.0':
    resolution: {integrity: sha512-WyOx8cJQ+FQus4Mm4uPIZA64gbk3Wxh0so5Lcii0aJifqwoVOlfFtorjLE0Hen4OYyHZMXDWqMmaQemBhgxFRQ==}
    engines: {node: '>=14'}

  '@floating-ui/core@1.6.7':
    resolution: {integrity: sha512-yDzVT/Lm101nQ5TCVeK65LtdN7Tj4Qpr9RTXJ2vPFLqtLxwOrpoxAHAJI8J3yYWUc40J0BDBheaitK5SJmno2g==}

  '@floating-ui/dom@1.6.10':
    resolution: {integrity: sha512-fskgCFv8J8OamCmyun8MfjB1Olfn+uZKjOKZ0vhYF3gRmEUXcGOjxWL8bBr7i4kIuPZ2KD2S3EUIOxnjC8kl2A==}

  '@floating-ui/utils@0.2.7':
    resolution: {integrity: sha512-X8R8Oj771YRl/w+c1HqAC1szL8zWQRwFvgDwT129k9ACdBoud/+/rX9V0qiMl6LWUdP9voC2nDVZYPMQQsb6eA==}

  '@holo-host/identicon@0.1.0':
    resolution: {integrity: sha512-Dn5pTV/m3XaK1Zvq3liw/vQUt7goM7Y84x2zUyH8cb9CNMs4kPCNHs3kalbJZ/ymzFvwcdiLwwNW8AKk+WWN5A==}

  '@holochain-open-dev/elements@0.300.1':
    resolution: {integrity: sha512-i0BYvrM+aKFlyiNQ02mkqTElLxQ4AFM0nBs4whXrb/p7XU/SQm0dApieEGMsTgtZu8cI/ZgmPzi6qQSduXXLPA==}

  '@holochain-open-dev/profiles@https://codeload.github.com/holochain-open-dev/profiles/tar.gz/6000dc6c04194429f2768517670366c411c4a03a#path:ui':
    resolution: {path: ui, tarball: https://codeload.github.com/holochain-open-dev/profiles/tar.gz/6000dc6c04194429f2768517670366c411c4a03a}
    version: 0.300.0

  '@holochain-open-dev/signals@0.300.7':
    resolution: {integrity: sha512-3B2dGbGzNt7V6PvXTmKPfmxE4SFKrRm2qAU7hJVu3KhalKGEvBk8QiTevkveP6pHfUhEG+q4zhvE4cQrFJ/Ojg==}

  '@holochain-open-dev/utils@0.300.2':
    resolution: {integrity: sha512-wdJtqUAsiYmKNPLVfrAX6rP+ufF844v7bKGu1y5l1zQuMdGWPGkH43FUIy5xe6NrWWY2pz3W8D/IyXc8mnBc1w==}

  '@holochain/client@0.17.1':
    resolution: {integrity: sha512-Jvh6DN+OdktV3KQH+tioRzvPT+LWJFBp1klMFG9vaccphIVvJN1LepJfRB8OyxW5iGAZ/TFCTwF19XSJuM1fQQ==}
    engines: {node: '>=18.0.0 || >=20.0.0'}

  '@holochain/serialization@0.1.0-beta-rc.3':
    resolution: {integrity: sha512-DJx4V2KXHVLciyOGjOYKTM/JLBpBEZ3RsPIRCgf7qmwhQdxXvhi2p+oFFRD51yUT5uC1/MzIVeJCl/R60PwFbw==}

  '@lit-labs/router@0.1.3':
    resolution: {integrity: sha512-G+HHo57KsArG58LOI8DLtipFfC9tVV4lGaDy2I8hYQvS2P/pV5wQObrpFYPZswse8D47y8VuHNXNdVPQOVc5MA==}

  '@lit-labs/ssr-dom-shim@1.2.1':
    resolution: {integrity: sha512-wx4aBmgeGvFmOKucFKY+8VFJSYZxs9poN3SDNQFF6lT6NrQUnHiPB2PWz2sc4ieEcAaYYzN+1uWahEeTq2aRIQ==}

  '@lit/context@1.1.2':
    resolution: {integrity: sha512-S0nw2C6Tkm7fVX5TGYqeROGD+Z9Coa2iFpW+ysYBDH3YvCqOY3wVQvSgwbaliLJkjTnSEYCBe9qFqKV8WUFpVw==}

  '@lit/localize@0.12.2':
    resolution: {integrity: sha512-Qv9kvgJKDq/JVSwXOxuWvQnnOBysHA99ti9im9a4fImCmx+fto+XXcUYQbjZHqiueEEc4V20PcRDPO+1g/6seQ==}

  '@lit/react@1.0.5':
    resolution: {integrity: sha512-RSHhrcuSMa4vzhqiTenzXvtQ6QDq3hSPsnHHO3jaPmmvVFeoNNm4DHoQ0zLdKAUvY3wP3tTENSUf7xpyVfrDEA==}
    peerDependencies:
      '@types/react': 17 || 18

  '@lit/reactive-element@2.0.4':
    resolution: {integrity: sha512-GFn91inaUa2oHLak8awSIigYz0cU0Payr1rcFsrkf5OJ5eSPxElyZfKh0f2p9FsTiZWXQdWGJeXZICEfXXYSXQ==}

  '@mdi/js@7.4.47':
    resolution: {integrity: sha512-KPnNOtm5i2pMabqZxpUz7iQf+mfrYZyKCZ8QNz85czgEt7cuHcGorWfdzUMWYA0SD+a6Hn4FmJ+YhzzzjkTZrQ==}

  '@msgpack/msgpack@2.8.0':
    resolution: {integrity: sha512-h9u4u/jiIRKbq25PM+zymTyW6bhTzELvOoUd+AvYriWOAKpLGnIamaET3pnHYoI5iYphAHBI4ayx0MehR+VVPQ==}
    engines: {node: '>= 10'}

  '@shoelace-style/animations@1.1.0':
    resolution: {integrity: sha512-Be+cahtZyI2dPKRm8EZSx3YJQ+jLvEcn3xzRP7tM4tqBnvd/eW/64Xh0iOf0t2w5P8iJKfdBbpVNE9naCaOf2g==}

  '@shoelace-style/localize@3.2.1':
    resolution: {integrity: sha512-r4C9C/5kSfMBIr0D9imvpRdCNXtUNgyYThc4YlS6K5Hchv1UyxNQ9mxwj+BTRH2i1Neits260sR3OjKMnplsFA==}

  '@shoelace-style/shoelace@2.16.0':
    resolution: {integrity: sha512-OV4XYAAZv0OfOR4RlpxCYOn7pH8ETIL8Pkh5hFvIrL+BN4/vlBLoeESYDU2tB/f9iichu4cfwdPquJITmKdY1w==}
    engines: {node: '>=14.17.0'}

  '@types/prop-types@15.7.12':
    resolution: {integrity: sha512-5zvhXYtRNRluoE/jAp4GVsSduVUzNWKkOZrCDBWYtE7biZywwdC2AcEzg+cSMLFRfVgeAFqpfNabiPjxFddV1Q==}

  '@types/react@18.3.3':
    resolution: {integrity: sha512-hti/R0pS0q1/xx+TsI73XIqk26eBsISZ2R0wUijXIngRK9R/e7Xw/cXVxQK7R5JjW+SV4zGcn5hXjudkN/pLIw==}

  '@types/trusted-types@2.0.7':
    resolution: {integrity: sha512-ScaPdn1dQczgbl0QFTeTOmVHFULt394XJgOQNoyVhZ6r2vLnMLJfBPd53SB52T/3G36VI1/g2MZaX0cwDuXsfw==}

  async-signals@0.1.11:
    resolution: {integrity: sha512-ooYxYRwcOOAVQ8QFVu+Xt0PRB3dHVzGgWyFyE+h6BkdGKXD+b1eecIrNWTDgBQGp5yV/le8zpSTp1KKVRYgtBg==}

  blakejs@1.2.1:
    resolution: {integrity: sha512-QXUSXI3QVc/gJME0dBpXrag1kbzOqCjCX8/b54ntNyW6sjtoqxqRk3LTmXzaJoh71zMsDCjM+47jS7XiwN/+fQ==}

  composed-offset-position@0.0.4:
    resolution: {integrity: sha512-vMlvu1RuNegVE0YsCDSV/X4X10j56mq7PCIyOKK74FxkXzGLwhOUmdkJLSdOBOMwWycobGUMgft2lp+YgTe8hw==}

  csstype@3.1.3:
    resolution: {integrity: sha512-M1uQkMl8rQK/szD0LNhtqxIPLpimGm8sOBwU7lLnCpSbTyY3yeU1Vc7l4KT5zT4s/yOxHH5O7tIuuLOCnLADRw==}

  emittery@1.0.3:
    resolution: {integrity: sha512-tJdCJitoy2lrC2ldJcqN4vkqJ00lT+tOWNT1hBJjO/3FDMJa5TTIiYGCKGkn/WfCyOzUMObeohbVTj00fhiLiA==}
    engines: {node: '>=14.16'}

  is-plain-obj@4.1.0:
    resolution: {integrity: sha512-+Pgi+vMuUNkJyExiMBt5IlFoMyKnr5zhJ4Uspz58WOhBF5QoIZkFyNHIbBAtHwzVAgk5RtndVNsDRN61/mmDqg==}
    engines: {node: '>=12'}

  isomorphic-ws@5.0.0:
    resolution: {integrity: sha512-muId7Zzn9ywDsyXgTIafTry2sV3nySZeUDe6YedVd1Hvuuep5AsIlqK+XefWpYTyJG5e503F2xIuT2lcU6rCSw==}
    peerDependencies:
      ws: '*'

  js-base64@3.7.7:
    resolution: {integrity: sha512-7rCnleh0z2CkXhH67J8K1Ytz0b2Y+yxTPL+/KOJoa20hfnVQ/3/T6W/KflYI4bRHRagNeXeU2bkNGI3v1oS/lw==}

  libsodium-wrappers@0.7.15:
    resolution: {integrity: sha512-E4anqJQwcfiC6+Yrl01C1m8p99wEhLmJSs0VQqST66SbQXXBoaJY0pF4BNjRYa/sOQAxx6lXAaAFIlx+15tXJQ==}

  libsodium@0.7.15:
    resolution: {integrity: sha512-sZwRknt/tUpE2AwzHq3jEyUU5uvIZHtSssktXq7owd++3CSgn8RGrv6UZJJBpP7+iBghBqe7Z06/2M31rI2NKw==}

  lit-element@4.1.0:
    resolution: {integrity: sha512-gSejRUQJuMQjV2Z59KAS/D4iElUhwKpIyJvZ9w+DIagIQjfJnhR20h2Q5ddpzXGS+fF0tMZ/xEYGMnKmaI/iww==}

  lit-html@3.2.0:
    resolution: {integrity: sha512-pwT/HwoxqI9FggTrYVarkBKFN9MlTUpLrDHubTmW4SrkL3kkqW5gxwbxMMUnbbRHBC0WTZnYHcjDSCM559VyfA==}

  lit-signal-watcher@0.1.1:
    resolution: {integrity: sha512-OUAEqcKI7NY6/1md4Hy3RqoQOpiv+GiYO6ISDt8JTeXKW3YditiAACYsfEZ8mwGxfCLcRSfWLdKgNFntiYqm+Q==}

  lit@3.2.0:
    resolution: {integrity: sha512-s6tI33Lf6VpDu7u4YqsSX78D28bYQulM+VAzsGch4fx2H0eLZnJsUBsPWmGYSGoKDNbjtRv02rio1o+UdPVwvw==}

  lodash-es@4.17.21:
    resolution: {integrity: sha512-mKnC+QJ9pWVzv+C4/U3rRsHapFfHvQFoFB92e52xeyGMcX6/OlIl78je1u8vePzYZSkkogMPJ2yjxxsb89cxyw==}

  nanoassert@1.1.0:
    resolution: {integrity: sha512-C40jQ3NzfkP53NsO8kEOFd79p4b9kDXQMwgiY1z8ZwrDZgUyom0AHwGegF4Dm99L+YoYhuaB0ceerUcXmqr1rQ==}

  nanoassert@2.0.0:
    resolution: {integrity: sha512-7vO7n28+aYO4J+8w96AzhmU8G+Y/xpPDJz/se19ICsqj/momRbb9mh9ZUtkoJ5X3nTnPdhEJyc0qnM6yAsHBaA==}

  orderedmap@2.1.1:
    resolution: {integrity: sha512-TvAWxi0nDe1j/rtMcWcIj94+Ffe6n7zhow33h40SKxmsmozs6dz/e+EajymfoFcHd7sxNn8yHM8839uixMOV6g==}

  prosemirror-commands@1.6.0:
    resolution: {integrity: sha512-xn1U/g36OqXn2tn5nGmvnnimAj/g1pUx2ypJJIe8WkVX83WyJVC5LTARaxZa2AtQRwntu9Jc5zXs9gL9svp/mg==}

  prosemirror-keymap@1.2.2:
    resolution: {integrity: sha512-EAlXoksqC6Vbocqc0GtzCruZEzYgrn+iiGnNjsJsH4mrnIGex4qbLdWWNza3AW5W36ZRrlBID0eM6bdKH4OStQ==}

  prosemirror-model@1.22.3:
    resolution: {integrity: sha512-V4XCysitErI+i0rKFILGt/xClnFJaohe/wrrlT2NSZ+zk8ggQfDH4x2wNK7Gm0Hp4CIoWizvXFP7L9KMaCuI0Q==}

  prosemirror-state@1.4.3:
    resolution: {integrity: sha512-goFKORVbvPuAQaXhpbemJFRKJ2aixr+AZMGiquiqKxaucC6hlpHNZHWgz5R7dS4roHiwq9vDctE//CZ++o0W1Q==}

  prosemirror-transform@1.10.0:
    resolution: {integrity: sha512-9UOgFSgN6Gj2ekQH5CTDJ8Rp/fnKR2IkYfGdzzp5zQMFsS4zDllLVx/+jGcX86YlACpG7UR5fwAXiWzxqWtBTg==}

  prosemirror-view@1.33.10:
    resolution: {integrity: sha512-wsKg9JeQkWlkXG8DDcloI/tbB9r3CysziubigoC8wTuE6zobN/9cl8bGRk1J1XjkUp7rxGBziOSxrhoILL84hg==}

  qr-creator@1.0.0:
    resolution: {integrity: sha512-C0cqfbS1P5hfqN4NhsYsUXePlk9BO+a45bAQ3xLYjBL3bOIFzoVEjs79Fado9u9BPBD3buHi3+vY+C8tHh4qMQ==}

  signal-polyfill@0.1.2:
    resolution: {integrity: sha512-HT9d+L9NMiTzMxb/tU2Baym6129ROyRETSjvchvSkQa7wN0+SrG/IUlsaBLqKn2c+4mlze6CgQBEvgBjxOpiaQ==}

  sort-keys@5.0.0:
    resolution: {integrity: sha512-Pdz01AvCAottHTPQGzndktFNdbRA75BgOfeT1hH+AMnJFv8lynkPi42rfeEhpx1saTEI3YNMWxfqu0sFD1G8pw==}
    engines: {node: '>=12'}

  w3c-keyname@2.2.8:
    resolution: {integrity: sha512-dpojBhNsCNN7T82Tm7k26A6G9ML3NkhDsnw9n/eoxSRlVBB4CEtIQ/KTCLI2Fwf3ataSXRhYFkQi3SlnFwPvPQ==}

  ws@8.18.0:
    resolution: {integrity: sha512-8VbfWfHLbbwu3+N6OKsOMpBdT4kXPDDB9cJk2bJ6mh9ucxdlnNvH1e+roYkKmN9Nxw2yjz7VzeO9oOz2zJ04Pw==}
    engines: {node: '>=10.0.0'}
    peerDependencies:
      bufferutil: ^4.0.1
      utf-8-validate: '>=5.0.2'
    peerDependenciesMeta:
      bufferutil:
        optional: true
      utf-8-validate:
        optional: true

snapshots:

  '@bitgo/blake2b-wasm@3.2.3':
    dependencies:
      nanoassert: 1.1.0

  '@bitgo/blake2b@3.2.4':
    dependencies:
      '@bitgo/blake2b-wasm': 3.2.3
      nanoassert: 2.0.0

  '@ctrl/tinycolor@4.1.0': {}

  '@floating-ui/core@1.6.7':
    dependencies:
      '@floating-ui/utils': 0.2.7

  '@floating-ui/dom@1.6.10':
    dependencies:
      '@floating-ui/core': 1.6.7
      '@floating-ui/utils': 0.2.7

  '@floating-ui/utils@0.2.7': {}

  '@holo-host/identicon@0.1.0': {}

  '@holochain-open-dev/elements@0.300.1(@types/react@18.3.3)':
    dependencies:
      '@holo-host/identicon': 0.1.0
      '@holochain/client': 0.17.1
      '@lit-labs/router': 0.1.3
      '@lit/localize': 0.12.2
      '@mdi/js': 7.4.47
      '@shoelace-style/shoelace': 2.16.0(@types/react@18.3.3)
      lit: 3.2.0
      prosemirror-commands: 1.6.0
      prosemirror-keymap: 1.2.2
      prosemirror-state: 1.4.3
      prosemirror-view: 1.33.10
    transitivePeerDependencies:
      - '@types/react'
      - bufferutil
      - utf-8-validate

  '@holochain-open-dev/profiles@https://codeload.github.com/holochain-open-dev/profiles/tar.gz/6000dc6c04194429f2768517670366c411c4a03a#path:ui(@types/react@18.3.3)':
    dependencies:
      '@holochain-open-dev/elements': 0.300.1(@types/react@18.3.3)
      '@holochain-open-dev/signals': 0.300.7(@types/react@18.3.3)
      '@holochain-open-dev/utils': 0.300.2
      '@holochain/client': 0.17.1
      '@lit/context': 1.1.2
      '@lit/localize': 0.12.2
      '@mdi/js': 7.4.47
      '@msgpack/msgpack': 2.8.0
      '@shoelace-style/shoelace': 2.16.0(@types/react@18.3.3)
      lit: 3.2.0
    transitivePeerDependencies:
      - '@types/react'
      - bufferutil
      - utf-8-validate

  '@holochain-open-dev/signals@0.300.7(@types/react@18.3.3)':
    dependencies:
      '@holochain-open-dev/utils': 0.300.2
      '@holochain/client': 0.17.1
      '@shoelace-style/shoelace': 2.16.0(@types/react@18.3.3)
      async-signals: 0.1.11
      lit-signal-watcher: 0.1.1
      signal-polyfill: 0.1.2
    transitivePeerDependencies:
      - '@types/react'
      - bufferutil
      - utf-8-validate

  '@holochain-open-dev/utils@0.300.2':
    dependencies:
      '@holochain/client': 0.17.1
      '@msgpack/msgpack': 2.8.0
      blakejs: 1.2.1
      emittery: 1.0.3
      lodash-es: 4.17.21
      sort-keys: 5.0.0
    transitivePeerDependencies:
      - bufferutil
      - utf-8-validate

  '@holochain/client@0.17.1':
    dependencies:
      '@bitgo/blake2b': 3.2.4
      '@holochain/serialization': 0.1.0-beta-rc.3
      '@msgpack/msgpack': 2.8.0
      emittery: 1.0.3
      isomorphic-ws: 5.0.0(ws@8.18.0)
      js-base64: 3.7.7
      libsodium-wrappers: 0.7.15
      lodash-es: 4.17.21
      ws: 8.18.0
    transitivePeerDependencies:
      - bufferutil
      - utf-8-validate

  '@holochain/serialization@0.1.0-beta-rc.3': {}

  '@lit-labs/router@0.1.3':
    dependencies:
      lit: 3.2.0

  '@lit-labs/ssr-dom-shim@1.2.1': {}

  '@lit/context@1.1.2':
    dependencies:
      '@lit/reactive-element': 2.0.4

  '@lit/localize@0.12.2':
    dependencies:
      lit: 3.2.0

  '@lit/react@1.0.5(@types/react@18.3.3)':
    dependencies:
      '@types/react': 18.3.3

  '@lit/reactive-element@2.0.4':
    dependencies:
      '@lit-labs/ssr-dom-shim': 1.2.1

  '@mdi/js@7.4.47': {}

  '@msgpack/msgpack@2.8.0': {}

  '@shoelace-style/animations@1.1.0': {}

  '@shoelace-style/localize@3.2.1': {}

  '@shoelace-style/shoelace@2.16.0(@types/react@18.3.3)':
    dependencies:
      '@ctrl/tinycolor': 4.1.0
      '@floating-ui/dom': 1.6.10
      '@lit/react': 1.0.5(@types/react@18.3.3)
      '@shoelace-style/animations': 1.1.0
      '@shoelace-style/localize': 3.2.1
      composed-offset-position: 0.0.4
      lit: 3.2.0
      qr-creator: 1.0.0
    transitivePeerDependencies:
      - '@types/react'

  '@types/prop-types@15.7.12': {}

  '@types/react@18.3.3':
    dependencies:
      '@types/prop-types': 15.7.12
      csstype: 3.1.3

  '@types/trusted-types@2.0.7': {}

  async-signals@0.1.11:
    dependencies:
      lit: 3.2.0
      signal-polyfill: 0.1.2

  blakejs@1.2.1: {}

  composed-offset-position@0.0.4: {}

  csstype@3.1.3: {}

  emittery@1.0.3: {}

  is-plain-obj@4.1.0: {}

  isomorphic-ws@5.0.0(ws@8.18.0):
    dependencies:
      ws: 8.18.0

  js-base64@3.7.7: {}

  libsodium-wrappers@0.7.15:
    dependencies:
      libsodium: 0.7.15

  libsodium@0.7.15: {}

  lit-element@4.1.0:
    dependencies:
      '@lit-labs/ssr-dom-shim': 1.2.1
      '@lit/reactive-element': 2.0.4
      lit-html: 3.2.0

  lit-html@3.2.0:
    dependencies:
      '@types/trusted-types': 2.0.7

  lit-signal-watcher@0.1.1:
    dependencies:
      lit: 3.2.0
      signal-polyfill: 0.1.2

  lit@3.2.0:
    dependencies:
      '@lit/reactive-element': 2.0.4
      lit-element: 4.1.0
      lit-html: 3.2.0

  lodash-es@4.17.21: {}

  nanoassert@1.1.0: {}

  nanoassert@2.0.0: {}

  orderedmap@2.1.1: {}

  prosemirror-commands@1.6.0:
    dependencies:
      prosemirror-model: 1.22.3
      prosemirror-state: 1.4.3
      prosemirror-transform: 1.10.0

  prosemirror-keymap@1.2.2:
    dependencies:
      prosemirror-state: 1.4.3
      w3c-keyname: 2.2.8

  prosemirror-model@1.22.3:
    dependencies:
      orderedmap: 2.1.1

  prosemirror-state@1.4.3:
    dependencies:
      prosemirror-model: 1.22.3
      prosemirror-transform: 1.10.0
      prosemirror-view: 1.33.10

  prosemirror-transform@1.10.0:
    dependencies:
      prosemirror-model: 1.22.3

  prosemirror-view@1.33.10:
    dependencies:
      prosemirror-model: 1.22.3
      prosemirror-state: 1.4.3
      prosemirror-transform: 1.10.0

  qr-creator@1.0.0: {}

  signal-polyfill@0.1.2: {}

  sort-keys@5.0.0:
    dependencies:
      is-plain-obj: 4.1.0

  w3c-keyname@2.2.8: {}

  ws@8.18.0: {}
